// !$*UTF8*$!
{
	archiveVersion = 1;
	classes = {
	};
	objectVersion = 46;
	objects = {

/* Begin PBXBuildFile section */
		270A8DA01877742F00B762A0 /* UIKit.framework in Frameworks */ = {isa = PBXBuildFile; fileRef = 270A8D9F1877742F00B762A0 /* UIKit.framework */; };
		270A8DA21877742F00B762A0 /* Foundation.framework in Frameworks */ = {isa = PBXBuildFile; fileRef = 270A8DA11877742F00B762A0 /* Foundation.framework */; };
		270A8DA41877742F00B762A0 /* CoreGraphics.framework in Frameworks */ = {isa = PBXBuildFile; fileRef = 270A8DA31877742F00B762A0 /* CoreGraphics.framework */; };
		270A8DA61877742F00B762A0 /* CoreData.framework in Frameworks */ = {isa = PBXBuildFile; fileRef = 270A8DA51877742F00B762A0 /* CoreData.framework */; };
		270A8DAC1877742F00B762A0 /* InfoPlist.strings in Resources */ = {isa = PBXBuildFile; fileRef = 270A8DAA1877742F00B762A0 /* InfoPlist.strings */; };
		270A8DAE1877742F00B762A0 /* main.m in Sources */ = {isa = PBXBuildFile; fileRef = 270A8DAD1877742F00B762A0 /* main.m */; };
		270A8DB21877742F00B762A0 /* AppDelegate.m in Sources */ = {isa = PBXBuildFile; fileRef = 270A8DB11877742F00B762A0 /* AppDelegate.m */; };
		270A8DB41877742F00B762A0 /* Default.png in Resources */ = {isa = PBXBuildFile; fileRef = 270A8DB31877742F00B762A0 /* Default.png */; };
		270A8DB61877742F00B762A0 /* Default@2x.png in Resources */ = {isa = PBXBuildFile; fileRef = 270A8DB51877742F00B762A0 /* Default@2x.png */; };
		270A8DB81877742F00B762A0 /* Default-568h@2x.png in Resources */ = {isa = PBXBuildFile; fileRef = 270A8DB71877742F00B762A0 /* Default-568h@2x.png */; };
		270A8DBB1877742F00B762A0 /* Cyvasse.xcdatamodeld in Sources */ = {isa = PBXBuildFile; fileRef = 270A8DB91877742F00B762A0 /* Cyvasse.xcdatamodeld */; };
		270A8DE1187774B100B762A0 /* Catapult.m in Sources */ = {isa = PBXBuildFile; fileRef = 270A8DC2187774B100B762A0 /* Catapult.m */; };
		270A8DE2187774B100B762A0 /* Crossbowman.m in Sources */ = {isa = PBXBuildFile; fileRef = 270A8DC4187774B100B762A0 /* Crossbowman.m */; };
		270A8DE3187774B100B762A0 /* Dragon.m in Sources */ = {isa = PBXBuildFile; fileRef = 270A8DC6187774B100B762A0 /* Dragon.m */; };
		270A8DE4187774B100B762A0 /* Elephant.m in Sources */ = {isa = PBXBuildFile; fileRef = 270A8DC8187774B100B762A0 /* Elephant.m */; };
		270A8DE5187774B100B762A0 /* Heavy Horse.m in Sources */ = {isa = PBXBuildFile; fileRef = 270A8DCA187774B100B762A0 /* Heavy Horse.m */; };
		270A8DE6187774B100B762A0 /* BlackDragon.png in Resources */ = {isa = PBXBuildFile; fileRef = 270A8DCC187774B100B762A0 /* BlackDragon.png */; };
		270A8DE7187774B100B762A0 /* King.m in Sources */ = {isa = PBXBuildFile; fileRef = 270A8DCE187774B100B762A0 /* King.m */; };
		270A8DE8187774B100B762A0 /* Light Horse.m in Sources */ = {isa = PBXBuildFile; fileRef = 270A8DD0187774B100B762A0 /* Light Horse.m */; };
		270A8DE9187774B100B762A0 /* Piece.m in Sources */ = {isa = PBXBuildFile; fileRef = 270A8DD2187774B100B762A0 /* Piece.m */; };
		270A8DEA187774B100B762A0 /* PieceHealthView.m in Sources */ = {isa = PBXBuildFile; fileRef = 270A8DD4187774B100B762A0 /* PieceHealthView.m */; };
		270A8DEB187774B100B762A0 /* PieceHealthViewController.m in Sources */ = {isa = PBXBuildFile; fileRef = 270A8DD6187774B100B762A0 /* PieceHealthViewController.m */; };
		270A8DEC187774B100B762A0 /* PieceView.m in Sources */ = {isa = PBXBuildFile; fileRef = 270A8DD8187774B100B762A0 /* PieceView.m */; };
		270A8DED187774B100B762A0 /* PieceViewController.m in Sources */ = {isa = PBXBuildFile; fileRef = 270A8DDA187774B100B762A0 /* PieceViewController.m */; };
		270A8DEE187774B100B762A0 /* Rabble.m in Sources */ = {isa = PBXBuildFile; fileRef = 270A8DDC187774B100B762A0 /* Rabble.m */; };
		270A8DEF187774B100B762A0 /* Spearman.m in Sources */ = {isa = PBXBuildFile; fileRef = 270A8DDE187774B100B762A0 /* Spearman.m */; };
		270A8DF0187774B100B762A0 /* Trebuchet.m in Sources */ = {isa = PBXBuildFile; fileRef = 270A8DE0187774B100B762A0 /* Trebuchet.m */; };
/* End PBXBuildFile section */

/* Begin PBXFileReference section */
		270A8D9C1877742F00B762A0 /* Cyvasse.app */ = {isa = PBXFileReference; explicitFileType = wrapper.application; includeInIndex = 0; path = Cyvasse.app; sourceTree = BUILT_PRODUCTS_DIR; };
		270A8D9F1877742F00B762A0 /* UIKit.framework */ = {isa = PBXFileReference; lastKnownFileType = wrapper.framework; name = UIKit.framework; path = System/Library/Frameworks/UIKit.framework; sourceTree = SDKROOT; };
		270A8DA11877742F00B762A0 /* Foundation.framework */ = {isa = PBXFileReference; lastKnownFileType = wrapper.framework; name = Foundation.framework; path = System/Library/Frameworks/Foundation.framework; sourceTree = SDKROOT; };
		270A8DA31877742F00B762A0 /* CoreGraphics.framework */ = {isa = PBXFileReference; lastKnownFileType = wrapper.framework; name = CoreGraphics.framework; path = System/Library/Frameworks/CoreGraphics.framework; sourceTree = SDKROOT; };
		270A8DA51877742F00B762A0 /* CoreData.framework */ = {isa = PBXFileReference; lastKnownFileType = wrapper.framework; name = CoreData.framework; path = System/Library/Frameworks/CoreData.framework; sourceTree = SDKROOT; };
		270A8DA91877742F00B762A0 /* Cyvasse-Info.plist */ = {isa = PBXFileReference; lastKnownFileType = text.plist.xml; path = "Cyvasse-Info.plist"; sourceTree = "<group>"; };
		270A8DAB1877742F00B762A0 /* en */ = {isa = PBXFileReference; lastKnownFileType = text.plist.strings; name = en; path = en.lproj/InfoPlist.strings; sourceTree = "<group>"; };
		270A8DAD1877742F00B762A0 /* main.m */ = {isa = PBXFileReference; lastKnownFileType = sourcecode.c.objc; path = main.m; sourceTree = "<group>"; };
		270A8DAF1877742F00B762A0 /* Cyvasse-Prefix.pch */ = {isa = PBXFileReference; lastKnownFileType = sourcecode.c.h; path = "Cyvasse-Prefix.pch"; sourceTree = "<group>"; };
		270A8DB01877742F00B762A0 /* AppDelegate.h */ = {isa = PBXFileReference; lastKnownFileType = sourcecode.c.h; path = AppDelegate.h; sourceTree = "<group>"; };
		270A8DB11877742F00B762A0 /* AppDelegate.m */ = {isa = PBXFileReference; lastKnownFileType = sourcecode.c.objc; path = AppDelegate.m; sourceTree = "<group>"; };
		270A8DB31877742F00B762A0 /* Default.png */ = {isa = PBXFileReference; lastKnownFileType = image.png; path = Default.png; sourceTree = "<group>"; };
		270A8DB51877742F00B762A0 /* Default@2x.png */ = {isa = PBXFileReference; lastKnownFileType = image.png; path = "Default@2x.png"; sourceTree = "<group>"; };
		270A8DB71877742F00B762A0 /* Default-568h@2x.png */ = {isa = PBXFileReference; lastKnownFileType = image.png; path = "Default-568h@2x.png"; sourceTree = "<group>"; };
		270A8DBA1877742F00B762A0 /* Cyvasse.xcdatamodel */ = {isa = PBXFileReference; lastKnownFileType = wrapper.xcdatamodel; path = Cyvasse.xcdatamodel; sourceTree = "<group>"; };
		270A8DC1187774B100B762A0 /* Catapult.h */ = {isa = PBXFileReference; fileEncoding = 4; lastKnownFileType = sourcecode.c.h; path = Catapult.h; sourceTree = "<group>"; };
		270A8DC2187774B100B762A0 /* Catapult.m */ = {isa = PBXFileReference; fileEncoding = 4; lastKnownFileType = sourcecode.c.objc; path = Catapult.m; sourceTree = "<group>"; };
		270A8DC3187774B100B762A0 /* Crossbowman.h */ = {isa = PBXFileReference; fileEncoding = 4; lastKnownFileType = sourcecode.c.h; path = Crossbowman.h; sourceTree = "<group>"; };
		270A8DC4187774B100B762A0 /* Crossbowman.m */ = {isa = PBXFileReference; fileEncoding = 4; lastKnownFileType = sourcecode.c.objc; path = Crossbowman.m; sourceTree = "<group>"; };
		270A8DC5187774B100B762A0 /* Dragon.h */ = {isa = PBXFileReference; fileEncoding = 4; lastKnownFileType = sourcecode.c.h; path = Dragon.h; sourceTree = "<group>"; };
		270A8DC6187774B100B762A0 /* Dragon.m */ = {isa = PBXFileReference; fileEncoding = 4; lastKnownFileType = sourcecode.c.objc; path = Dragon.m; sourceTree = "<group>"; };
		270A8DC7187774B100B762A0 /* Elephant.h */ = {isa = PBXFileReference; fileEncoding = 4; lastKnownFileType = sourcecode.c.h; path = Elephant.h; sourceTree = "<group>"; };
		270A8DC8187774B100B762A0 /* Elephant.m */ = {isa = PBXFileReference; fileEncoding = 4; lastKnownFileType = sourcecode.c.objc; path = Elephant.m; sourceTree = "<group>"; };
		270A8DC9187774B100B762A0 /* Heavy Horse.h */ = {isa = PBXFileReference; fileEncoding = 4; lastKnownFileType = sourcecode.c.h; path = "Heavy Horse.h"; sourceTree = "<group>"; };
		270A8DCA187774B100B762A0 /* Heavy Horse.m */ = {isa = PBXFileReference; fileEncoding = 4; lastKnownFileType = sourcecode.c.objc; path = "Heavy Horse.m"; sourceTree = "<group>"; };
		270A8DCC187774B100B762A0 /* BlackDragon.png */ = {isa = PBXFileReference; lastKnownFileType = image.png; path = BlackDragon.png; sourceTree = "<group>"; };
		270A8DCD187774B100B762A0 /* King.h */ = {isa = PBXFileReference; fileEncoding = 4; lastKnownFileType = sourcecode.c.h; path = King.h; sourceTree = "<group>"; };
		270A8DCE187774B100B762A0 /* King.m */ = {isa = PBXFileReference; fileEncoding = 4; lastKnownFileType = sourcecode.c.objc; path = King.m; sourceTree = "<group>"; };
		270A8DCF187774B100B762A0 /* Light Horse.h */ = {isa = PBXFileReference; fileEncoding = 4; lastKnownFileType = sourcecode.c.h; path = "Light Horse.h"; sourceTree = "<group>"; };
		270A8DD0187774B100B762A0 /* Light Horse.m */ = {isa = PBXFileReference; fileEncoding = 4; lastKnownFileType = sourcecode.c.objc; path = "Light Horse.m"; sourceTree = "<group>"; };
		270A8DD1187774B100B762A0 /* Piece.h */ = {isa = PBXFileReference; fileEncoding = 4; lastKnownFileType = sourcecode.c.h; path = Piece.h; sourceTree = "<group>"; };
		270A8DD2187774B100B762A0 /* Piece.m */ = {isa = PBXFileReference; fileEncoding = 4; lastKnownFileType = sourcecode.c.objc; path = Piece.m; sourceTree = "<group>"; };
		270A8DD3187774B100B762A0 /* PieceHealthView.h */ = {isa = PBXFileReference; fileEncoding = 4; lastKnownFileType = sourcecode.c.h; path = PieceHealthView.h; sourceTree = "<group>"; };
		270A8DD4187774B100B762A0 /* PieceHealthView.m */ = {isa = PBXFileReference; fileEncoding = 4; lastKnownFileType = sourcecode.c.objc; path = PieceHealthView.m; sourceTree = "<group>"; };
		270A8DD5187774B100B762A0 /* PieceHealthViewController.h */ = {isa = PBXFileReference; fileEncoding = 4; lastKnownFileType = sourcecode.c.h; path = PieceHealthViewController.h; sourceTree = "<group>"; };
		270A8DD6187774B100B762A0 /* PieceHealthViewController.m */ = {isa = PBXFileReference; fileEncoding = 4; lastKnownFileType = sourcecode.c.objc; path = PieceHealthViewController.m; sourceTree = "<group>"; };
		270A8DD7187774B100B762A0 /* PieceView.h */ = {isa = PBXFileReference; fileEncoding = 4; lastKnownFileType = sourcecode.c.h; path = PieceView.h; sourceTree = "<group>"; };
		270A8DD8187774B100B762A0 /* PieceView.m */ = {isa = PBXFileReference; fileEncoding = 4; lastKnownFileType = sourcecode.c.objc; path = PieceView.m; sourceTree = "<group>"; };
		270A8DD9187774B100B762A0 /* PieceViewController.h */ = {isa = PBXFileReference; fileEncoding = 4; lastKnownFileType = sourcecode.c.h; path = PieceViewController.h; sourceTree = "<group>"; };
		270A8DDA187774B100B762A0 /* PieceViewController.m */ = {isa = PBXFileReference; fileEncoding = 4; lastKnownFileType = sourcecode.c.objc; path = PieceViewController.m; sourceTree = "<group>"; };
		270A8DDB187774B100B762A0 /* Rabble.h */ = {isa = PBXFileReference; fileEncoding = 4; lastKnownFileType = sourcecode.c.h; path = Rabble.h; sourceTree = "<group>"; };
		270A8DDC187774B100B762A0 /* Rabble.m */ = {isa = PBXFileReference; fileEncoding = 4; lastKnownFileType = sourcecode.c.objc; path = Rabble.m; sourceTree = "<group>"; };
		270A8DDD187774B100B762A0 /* Spearman.h */ = {isa = PBXFileReference; fileEncoding = 4; lastKnownFileType = sourcecode.c.h; path = Spearman.h; sourceTree = "<group>"; };
		270A8DDE187774B100B762A0 /* Spearman.m */ = {isa = PBXFileReference; fileEncoding = 4; lastKnownFileType = sourcecode.c.objc; path = Spearman.m; sourceTree = "<group>"; };
		270A8DDF187774B100B762A0 /* Trebuchet.h */ = {isa = PBXFileReference; fileEncoding = 4; lastKnownFileType = sourcecode.c.h; path = Trebuchet.h; sourceTree = "<group>"; };
		270A8DE0187774B100B762A0 /* Trebuchet.m */ = {isa = PBXFileReference; fileEncoding = 4; lastKnownFileType = sourcecode.c.objc; path = Trebuchet.m; sourceTree = "<group>"; };
/* End PBXFileReference section */

/* Begin PBXFrameworksBuildPhase section */
		270A8D991877742F00B762A0 /* Frameworks */ = {
			isa = PBXFrameworksBuildPhase;
			buildActionMask = 2147483647;
			files = (
				270A8DA01877742F00B762A0 /* UIKit.framework in Frameworks */,
				270A8DA21877742F00B762A0 /* Foundation.framework in Frameworks */,
				270A8DA41877742F00B762A0 /* CoreGraphics.framework in Frameworks */,
				270A8DA61877742F00B762A0 /* CoreData.framework in Frameworks */,
			);
			runOnlyForDeploymentPostprocessing = 0;
		};
/* End PBXFrameworksBuildPhase section */

/* Begin PBXGroup section */
		270A8D931877742F00B762A0 = {
			isa = PBXGroup;
			children = (
				270A8DA71877742F00B762A0 /* Cyvasse */,
				270A8D9E1877742F00B762A0 /* Frameworks */,
				270A8D9D1877742F00B762A0 /* Products */,
			);
			sourceTree = "<group>";
		};
		270A8D9D1877742F00B762A0 /* Products */ = {
			isa = PBXGroup;
			children = (
				270A8D9C1877742F00B762A0 /* Cyvasse.app */,
			);
			name = Products;
			sourceTree = "<group>";
		};
		270A8D9E1877742F00B762A0 /* Frameworks */ = {
			isa = PBXGroup;
			children = (
				270A8D9F1877742F00B762A0 /* UIKit.framework */,
				270A8DA11877742F00B762A0 /* Foundation.framework */,
				270A8DA31877742F00B762A0 /* CoreGraphics.framework */,
				270A8DA51877742F00B762A0 /* CoreData.framework */,
			);
			name = Frameworks;
			sourceTree = "<group>";
		};
		270A8DA71877742F00B762A0 /* Cyvasse */ = {
			isa = PBXGroup;
			children = (
				270A8DB91877742F00B762A0 /* Cyvasse.xcdatamodeld */,
				270A8DB01877742F00B762A0 /* AppDelegate.h */,
				270A8DB11877742F00B762A0 /* AppDelegate.m */,
				270A8DF1187774BC00B762A0 /* Piece */,
				270A8DA81877742F00B762A0 /* Supporting Files */,
			);
			path = Cyvasse;
			sourceTree = "<group>";
		};
		270A8DA81877742F00B762A0 /* Supporting Files */ = {
			isa = PBXGroup;
			children = (
				270A8DCB187774B100B762A0 /* Images */,
				270A8DA91877742F00B762A0 /* Cyvasse-Info.plist */,
				270A8DAA1877742F00B762A0 /* InfoPlist.strings */,
				270A8DAD1877742F00B762A0 /* main.m */,
				270A8DAF1877742F00B762A0 /* Cyvasse-Prefix.pch */,
				270A8DB31877742F00B762A0 /* Default.png */,
				270A8DB51877742F00B762A0 /* Default@2x.png */,
				270A8DB71877742F00B762A0 /* Default-568h@2x.png */,
			);
			name = "Supporting Files";
			sourceTree = "<group>";
		};
		270A8DCB187774B100B762A0 /* Images */ = {
			isa = PBXGroup;
			children = (
				270A8DCC187774B100B762A0 /* BlackDragon.png */,
			);
			path = Images;
			sourceTree = "<group>";
		};
		270A8DF1187774BC00B762A0 /* Piece */ = {
			isa = PBXGroup;
			children = (
				270A8DF21877750C00B762A0 /* PieceView */,
				270A8DC1187774B100B762A0 /* Catapult.h */,
				270A8DC2187774B100B762A0 /* Catapult.m */,
				270A8DC3187774B100B762A0 /* Crossbowman.h */,
				270A8DC4187774B100B762A0 /* Crossbowman.m */,
				270A8DC5187774B100B762A0 /* Dragon.h */,
				270A8DC6187774B100B762A0 /* Dragon.m */,
				270A8DC7187774B100B762A0 /* Elephant.h */,
				270A8DC8187774B100B762A0 /* Elephant.m */,
				270A8DC9187774B100B762A0 /* Heavy Horse.h */,
				270A8DCA187774B100B762A0 /* Heavy Horse.m */,
				270A8DCD187774B100B762A0 /* King.h */,
				270A8DCE187774B100B762A0 /* King.m */,
				270A8DCF187774B100B762A0 /* Light Horse.h */,
				270A8DD0187774B100B762A0 /* Light Horse.m */,
				270A8DD1187774B100B762A0 /* Piece.h */,
				270A8DD2187774B100B762A0 /* Piece.m */,
				270A8DDB187774B100B762A0 /* Rabble.h */,
				270A8DDC187774B100B762A0 /* Rabble.m */,
				270A8DDD187774B100B762A0 /* Spearman.h */,
				270A8DDE187774B100B762A0 /* Spearman.m */,
				270A8DDF187774B100B762A0 /* Trebuchet.h */,
				270A8DE0187774B100B762A0 /* Trebuchet.m */,
			);
			name = Piece;
			sourceTree = "<group>";
		};
		270A8DF21877750C00B762A0 /* PieceView */ = {
			isa = PBXGroup;
			children = (
				270A8DD3187774B100B762A0 /* PieceHealthView.h */,
				270A8DD4187774B100B762A0 /* PieceHealthView.m */,
				270A8DD5187774B100B762A0 /* PieceHealthViewController.h */,
				270A8DD6187774B100B762A0 /* PieceHealthViewController.m */,
				270A8DD7187774B100B762A0 /* PieceView.h */,
				270A8DD8187774B100B762A0 /* PieceView.m */,
				270A8DD9187774B100B762A0 /* PieceViewController.h */,
				270A8DDA187774B100B762A0 /* PieceViewController.m */,
			);
			name = PieceView;
			sourceTree = "<group>";
		};
/* End PBXGroup section */

/* Begin PBXNativeTarget section */
		270A8D9B1877742F00B762A0 /* Cyvasse */ = {
			isa = PBXNativeTarget;
			buildConfigurationList = 270A8DBE1877742F00B762A0 /* Build configuration list for PBXNativeTarget "Cyvasse" */;
			buildPhases = (
				270A8D981877742F00B762A0 /* Sources */,
				270A8D991877742F00B762A0 /* Frameworks */,
				270A8D9A1877742F00B762A0 /* Resources */,
			);
			buildRules = (
			);
			dependencies = (
			);
			name = Cyvasse;
			productName = Cyvasse;
			productReference = 270A8D9C1877742F00B762A0 /* Cyvasse.app */;
			productType = "com.apple.product-type.application";
		};
/* End PBXNativeTarget section */

/* Begin PBXProject section */
		270A8D941877742F00B762A0 /* Project object */ = {
			isa = PBXProject;
			attributes = {
				LastUpgradeCheck = 0460;
				ORGANIZATIONNAME = "John West";
			};
			buildConfigurationList = 270A8D971877742F00B762A0 /* Build configuration list for PBXProject "Cyvasse" */;
			compatibilityVersion = "Xcode 3.2";
			developmentRegion = English;
			hasScannedForEncodings = 0;
			knownRegions = (
				en,
			);
			mainGroup = 270A8D931877742F00B762A0;
			productRefGroup = 270A8D9D1877742F00B762A0 /* Products */;
			projectDirPath = "";
			projectRoot = "";
			targets = (
				270A8D9B1877742F00B762A0 /* Cyvasse */,
			);
		};
/* End PBXProject section */

/* Begin PBXResourcesBuildPhase section */
		270A8D9A1877742F00B762A0 /* Resources */ = {
			isa = PBXResourcesBuildPhase;
			buildActionMask = 2147483647;
			files = (
				270A8DAC1877742F00B762A0 /* InfoPlist.strings in Resources */,
				270A8DB41877742F00B762A0 /* Default.png in Resources */,
				270A8DB61877742F00B762A0 /* Default@2x.png in Resources */,
				270A8DB81877742F00B762A0 /* Default-568h@2x.png in Resources */,
				270A8DE6187774B100B762A0 /* BlackDragon.png in Resources */,
			);
			runOnlyForDeploymentPostprocessing = 0;
		};
/* End PBXResourcesBuildPhase section */

/* Begin PBXSourcesBuildPhase section */
		270A8D981877742F00B762A0 /* Sources */ = {
			isa = PBXSourcesBuildPhase;
			buildActionMask = 2147483647;
			files = (
				270A8DAE1877742F00B762A0 /* main.m in Sources */,
				270A8DB21877742F00B762A0 /* AppDelegate.m in Sources */,
				270A8DBB1877742F00B762A0 /* Cyvasse.xcdatamodeld in Sources */,
				270A8DE1187774B100B762A0 /* Catapult.m in Sources */,
				270A8DE2187774B100B762A0 /* Crossbowman.m in Sources */,
				270A8DE3187774B100B762A0 /* Dragon.m in Sources */,
				270A8DE4187774B100B762A0 /* Elephant.m in Sources */,
				270A8DE5187774B100B762A0 /* Heavy Horse.m in Sources */,
				270A8DE7187774B100B762A0 /* King.m in Sources */,
				270A8DE8187774B100B762A0 /* Light Horse.m in Sources */,
				270A8DE9187774B100B762A0 /* Piece.m in Sources */,
				270A8DEA187774B100B762A0 /* PieceHealthView.m in Sources */,
				270A8DEB187774B100B762A0 /* PieceHealthViewController.m in Sources */,
				270A8DEC187774B100B762A0 /* PieceView.m in Sources */,
				270A8DED187774B100B762A0 /* PieceViewController.m in Sources */,
				270A8DEE187774B100B762A0 /* Rabble.m in Sources */,
				270A8DEF187774B100B762A0 /* Spearman.m in Sources */,
				270A8DF0187774B100B762A0 /* Trebuchet.m in Sources */,
			);
			runOnlyForDeploymentPostprocessing = 0;
		};
/* End PBXSourcesBuildPhase section */

/* Begin PBXVariantGroup section */
		270A8DAA1877742F00B762A0 /* InfoPlist.strings */ = {
			isa = PBXVariantGroup;
			children = (
				270A8DAB1877742F00B762A0 /* en */,
			);
			name = InfoPlist.strings;
			sourceTree = "<group>";
		};
/* End PBXVariantGroup section */

/* Begin XCBuildConfiguration section */
		270A8DBC1877742F00B762A0 /* Debug */ = {
			isa = XCBuildConfiguration;
			buildSettings = {
				ALWAYS_SEARCH_USER_PATHS = NO;
				CLANG_CXX_LANGUAGE_STANDARD = "gnu++0x";
				CLANG_CXX_LIBRARY = "libc++";
				CLANG_ENABLE_OBJC_ARC = YES;
				CLANG_WARN_CONSTANT_CONVERSION = YES;
				CLANG_WARN_EMPTY_BODY = YES;
				CLANG_WARN_ENUM_CONVERSION = YES;
				CLANG_WARN_INT_CONVERSION = YES;
				CLANG_WARN__DUPLICATE_METHOD_MATCH = YES;
				"CODE_SIGN_IDENTITY[sdk=iphoneos*]" = "iPhone Developer";
				COPY_PHASE_STRIP = NO;
				GCC_C_LANGUAGE_STANDARD = gnu99;
				GCC_DYNAMIC_NO_PIC = NO;
				GCC_OPTIMIZATION_LEVEL = 0;
				GCC_PREPROCESSOR_DEFINITIONS = (
					"DEBUG=1",
					"$(inherited)",
				);
				GCC_SYMBOLS_PRIVATE_EXTERN = NO;
				GCC_WARN_ABOUT_RETURN_TYPE = YES;
				GCC_WARN_UNINITIALIZED_AUTOS = YES;
				GCC_WARN_UNUSED_VARIABLE = YES;
				IPHONEOS_DEPLOYMENT_TARGET = 6.1;
				ONLY_ACTIVE_ARCH = YES;
				SDKROOT = iphoneos;
			};
			name = Debug;
		};
		270A8DBD1877742F00B762A0 /* Release */ = {
			isa = XCBuildConfiguration;
			buildSettings = {
				ALWAYS_SEARCH_USER_PATHS = NO;
				CLANG_CXX_LANGUAGE_STANDARD = "gnu++0x";
				CLANG_CXX_LIBRARY = "libc++";
				CLANG_ENABLE_OBJC_ARC = YES;
				CLANG_WARN_CONSTANT_CONVERSION = YES;
				CLANG_WARN_EMPTY_BODY = YES;
				CLANG_WARN_ENUM_CONVERSION = YES;
				CLANG_WARN_INT_CONVERSION = YES;
				CLANG_WARN__DUPLICATE_METHOD_MATCH = YES;
				"CODE_SIGN_IDENTITY[sdk=iphoneos*]" = "iPhone Developer";
				COPY_PHASE_STRIP = YES;
				GCC_C_LANGUAGE_STANDARD = gnu99;
				GCC_WARN_ABOUT_RETURN_TYPE = YES;
				GCC_WARN_UNINITIALIZED_AUTOS = YES;
				GCC_WARN_UNUSED_VARIABLE = YES;
				IPHONEOS_DEPLOYMENT_TARGET = 6.1;
				OTHER_CFLAGS = "-DNS_BLOCK_ASSERTIONS=1";
				SDKROOT = iphoneos;
				VALIDATE_PRODUCT = YES;
			};
			name = Release;
		};
		270A8DBF1877742F00B762A0 /* Debug */ = {
			isa = XCBuildConfiguration;
			buildSettings = {
				GCC_PRECOMPILE_PREFIX_HEADER = YES;
				GCC_PREFIX_HEADER = "Cyvasse/Cyvasse-Prefix.pch";
				INFOPLIST_FILE = "Cyvasse/Cyvasse-Info.plist";
				PRODUCT_NAME = "$(TARGET_NAME)";
				WRAPPER_EXTENSION = app;
			};
			name = Debug;
		};
		270A8DC01877742F00B762A0 /* Release */ = {
			isa = XCBuildConfiguration;
			buildSettings = {
				GCC_PRECOMPILE_PREFIX_HEADER = YES;
				GCC_PREFIX_HEADER = "Cyvasse/Cyvasse-Prefix.pch";
				INFOPLIST_FILE = "Cyvasse/Cyvasse-Info.plist";
				PRODUCT_NAME = "$(TARGET_NAME)";
				WRAPPER_EXTENSION = app;
			};
			name = Release;
		};
/* End XCBuildConfiguration section */

/* Begin XCConfigurationList section */
		270A8D971877742F00B762A0 /* Build configuration list for PBXProject "Cyvasse" */ = {
			isa = XCConfigurationList;
			buildConfigurations = (
				270A8DBC1877742F00B762A0 /* Debug */,
				270A8DBD1877742F00B762A0 /* Release */,
			);
			defaultConfigurationIsVisible = 0;
			defaultConfigurationName = Release;
		};
		270A8DBE1877742F00B762A0 /* Build configuration list for PBXNativeTarget "Cyvasse" */ = {
			isa = XCConfigurationList;
			buildConfigurations = (
				270A8DBF1877742F00B762A0 /* Debug */,
				270A8DC01877742F00B762A0 /* Release */,
			);
			defaultConfigurationIsVisible = 0;
		};
/* End XCConfigurationList section */

/* Begin XCVersionGroup section */
		270A8DB91877742F00B762A0 /* Cyvasse.xcdatamodeld */ = {
			isa = XCVersionGroup;
			children = (
				270A8DBA1877742F00B762A0 /* Cyvasse.xcdatamodel */,
			);
			currentVersion = 270A8DBA1877742F00B762A0 /* Cyvasse.xcdatamodel */;
			path = Cyvasse.xcdatamodeld;
			sourceTree = "<group>";
			versionGroupType = wrapper.xcdatamodel;
		};
/* End XCVersionGroup section */
	};
	rootObject = 270A8D941877742F00B762A0 /* Project object */;
}
